
Microsoft Visual Studio Solution File, Format Version 12.00
# Visual Studio Version 16
VisualStudioVersion = 16.0.31515.178
MinimumVisualStudioVersion = 10.0.40219.1
Project("{FAE04EC0-301F-11D3-BF4B-00C04F79EFBC}") = "Oilpo", "Oilpo.csproj", "{EE74EAB9-EE24-4E81-B5E7-FC8E34034E65}"
EndProject
Global
	GlobalSection(SolutionConfigurationPlatforms) = preSolution
		Debug|Any CPU = Debug|Any CPU
		Release|Any CPU = Release|Any CPU
	EndGlobalSection
	GlobalSection(ProjectConfigurationPlatforms) = postSolution
		{EE74EAB9-EE24-4E81-B5E7-FC8E34034E65}.Debug|Any CPU.ActiveCfg = Debug|Any CPU
		{EE74EAB9-EE24-4E81-B5E7-FC8E34034E65}.Debug|Any CPU.Build.0 = Debug|Any CPU
		{EE74EAB9-EE24-4E81-B5E7-FC8E34034E65}.Release|Any CPU.ActiveCfg = Release|Any CPU
		{EE74EAB9-EE24-4E81-B5E7-FC8E34034E65}.Release|Any CPU.Build.0 = Release|Any CPU
	EndGlobalSection
	GlobalSection(SolutionProperties) = preSolution
		HideSolutionNode = FALSE
	EndGlobalSection
	GlobalSection(ExtensibilityGlobals) = postSolution
		SolutionGuid = {6D2EDA7F-E3E2-4768-9B09-F8B80F52A36F}
	EndGlobalSection
EndGlobal
